
Microsoft Visual Studio Solution File, Format Version 12.00
# Visual Studio 15
VisualStudioVersion = 15.0.26228.9
MinimumVisualStudioVersion = 10.0.40219.1
Project("{FAE04EC0-301F-11D3-BF4B-00C04F79EFBC}") = "HDZ360.Android", "HDZ360\HDZ360.Android\HDZ360.Android.csproj", "{E1E48A69-7DD9-4C04-B3CA-D3F1E0925D4E}"
EndProject
Project("{FAE04EC0-301F-11D3-BF4B-00C04F79EFBC}") = "HDZ360", "HDZ360\HDZ360\HDZ360.csproj", "{5603DF50-C319-48C5-B60D-279CC40CA318}"
EndProject
Project("{FAE04EC0-301F-11D3-BF4B-00C04F79EFBC}") = "HDZ360.UWP", "HDZ360\HDZ360.UWP\HDZ360.UWP.csproj", "{E66074B5-A3E3-41E4-BD67-5C4F8F22567D}"
EndProject
Project("{FAE04EC0-301F-11D3-BF4B-00C04F79EFBC}") = "HDZ360.iOS", "HDZ360\HDZ360.iOS\HDZ360.iOS.csproj", "{391363D6-B9EB-427B-B307-E3C139324DFE}"
EndProject
Global
	GlobalSection(SolutionConfigurationPlatforms) = preSolution
		Ad-Hoc|Any CPU = Ad-Hoc|Any CPU
		Ad-Hoc|ARM = Ad-Hoc|ARM
		Ad-Hoc|iPhone = Ad-Hoc|iPhone
		Ad-Hoc|iPhoneSimulator = Ad-Hoc|iPhoneSimulator
		Ad-Hoc|x64 = Ad-Hoc|x64
		Ad-Hoc|x86 = Ad-Hoc|x86
		AppStore|Any CPU = AppStore|Any CPU
		AppStore|ARM = AppStore|ARM
		AppStore|iPhone = AppStore|iPhone
		AppStore|iPhoneSimulator = AppStore|iPhoneSimulator
		AppStore|x64 = AppStore|x64
		AppStore|x86 = AppStore|x86
		Debug|Any CPU = Debug|Any CPU
		Debug|ARM = Debug|ARM
		Debug|iPhone = Debug|iPhone
		Debug|iPhoneSimulator = Debug|iPhoneSimulator
		Debug|x64 = Debug|x64
		Debug|x86 = Debug|x86
		Release|Any CPU = Release|Any CPU
		Release|ARM = Release|ARM
		Release|iPhone = Release|iPhone
		Release|iPhoneSimulator = Release|iPhoneSimulator
		Release|x64 = Release|x64
		Release|x86 = Release|x86
	EndGlobalSection
	GlobalSection(ProjectConfigurationPlatforms) = postSolution
		{E1E48A69-7DD9-4C04-B3CA-D3F1E0925D4E}.Ad-Hoc|Any CPU.ActiveCfg = Release|Any CPU
		{E1E48A69-7DD9-4C04-B3CA-D3F1E0925D4E}.Ad-Hoc|Any CPU.Build.0 = Release|Any CPU
		{E1E48A69-7DD9-4C04-B3CA-D3F1E0925D4E}.Ad-Hoc|Any CPU.Deploy.0 = Release|Any CPU
		{E1E48A69-7DD9-4C04-B3CA-D3F1E0925D4E}.Ad-Hoc|ARM.ActiveCfg = Release|Any CPU
		{E1E48A69-7DD9-4C04-B3CA-D3F1E0925D4E}.Ad-Hoc|ARM.Build.0 = Release|Any CPU
		{E1E48A69-7DD9-4C04-B3CA-D3F1E0925D4E}.Ad-Hoc|ARM.Deploy.0 = Release|Any CPU
		{E1E48A69-7DD9-4C04-B3CA-D3F1E0925D4E}.Ad-Hoc|iPhone.ActiveCfg = Release|Any CPU
		{E1E48A69-7DD9-4C04-B3CA-D3F1E0925D4E}.Ad-Hoc|iPhone.Build.0 = Release|Any CPU
		{E1E48A69-7DD9-4C04-B3CA-D3F1E0925D4E}.Ad-Hoc|iPhone.Deploy.0 = Release|Any CPU
		{E1E48A69-7DD9-4C04-B3CA-D3F1E0925D4E}.Ad-Hoc|iPhoneSimulator.ActiveCfg = Release|Any CPU
		{E1E48A69-7DD9-4C04-B3CA-D3F1E0925D4E}.Ad-Hoc|iPhoneSimulator.Build.0 = Release|Any CPU
		{E1E48A69-7DD9-4C04-B3CA-D3F1E0925D4E}.Ad-Hoc|iPhoneSimulator.Deploy.0 = Release|Any CPU
		{E1E48A69-7DD9-4C04-B3CA-D3F1E0925D4E}.Ad-Hoc|x64.ActiveCfg = Release|Any CPU
		{E1E48A69-7DD9-4C04-B3CA-D3F1E0925D4E}.Ad-Hoc|x64.Build.0 = Release|Any CPU
		{E1E48A69-7DD9-4C04-B3CA-D3F1E0925D4E}.Ad-Hoc|x64.Deploy.0 = Release|Any CPU
		{E1E48A69-7DD9-4C04-B3CA-D3F1E0925D4E}.Ad-Hoc|x86.ActiveCfg = Release|Any CPU
		{E1E48A69-7DD9-4C04-B3CA-D3F1E0925D4E}.Ad-Hoc|x86.Build.0 = Release|Any CPU
		{E1E48A69-7DD9-4C04-B3CA-D3F1E0925D4E}.Ad-Hoc|x86.Deploy.0 = Release|Any CPU
		{E1E48A69-7DD9-4C04-B3CA-D3F1E0925D4E}.AppStore|Any CPU.ActiveCfg = Release|Any CPU
		{E1E48A69-7DD9-4C04-B3CA-D3F1E0925D4E}.AppStore|Any CPU.Build.0 = Release|Any CPU
		{E1E48A69-7DD9-4C04-B3CA-D3F1E0925D4E}.AppStore|Any CPU.Deploy.0 = Release|Any CPU
		{E1E48A69-7DD9-4C04-B3CA-D3F1E0925D4E}.AppStore|ARM.ActiveCfg = Release|Any CPU
		{E1E48A69-7DD9-4C04-B3CA-D3F1E0925D4E}.AppStore|ARM.Build.0 = Release|Any CPU
		{E1E48A69-7DD9-4C04-B3CA-D3F1E0925D4E}.AppStore|ARM.Deploy.0 = Release|Any CPU
		{E1E48A69-7DD9-4C04-B3CA-D3F1E0925D4E}.AppStore|iPhone.ActiveCfg = Release|Any CPU
		{E1E48A69-7DD9-4C04-B3CA-D3F1E0925D4E}.AppStore|iPhone.Build.0 = Release|Any CPU
		{E1E48A69-7DD9-4C04-B3CA-D3F1E0925D4E}.AppStore|iPhone.Deploy.0 = Release|Any CPU
		{E1E48A69-7DD9-4C04-B3CA-D3F1E0925D4E}.AppStore|iPhoneSimulator.ActiveCfg = Release|Any CPU
		{E1E48A69-7DD9-4C04-B3CA-D3F1E0925D4E}.AppStore|iPhoneSimulator.Build.0 = Release|Any CPU
		{E1E48A69-7DD9-4C04-B3CA-D3F1E0925D4E}.AppStore|iPhoneSimulator.Deploy.0 = Release|Any CPU
		{E1E48A69-7DD9-4C04-B3CA-D3F1E0925D4E}.AppStore|x64.ActiveCfg = Release|Any CPU
		{E1E48A69-7DD9-4C04-B3CA-D3F1E0925D4E}.AppStore|x64.Build.0 = Release|Any CPU
		{E1E48A69-7DD9-4C04-B3CA-D3F1E0925D4E}.AppStore|x64.Deploy.0 = Release|Any CPU
		{E1E48A69-7DD9-4C04-B3CA-D3F1E0925D4E}.AppStore|x86.ActiveCfg = Release|Any CPU
		{E1E48A69-7DD9-4C04-B3CA-D3F1E0925D4E}.AppStore|x86.Build.0 = Release|Any CPU
		{E1E48A69-7DD9-4C04-B3CA-D3F1E0925D4E}.AppStore|x86.Deploy.0 = Release|Any CPU
		{E1E48A69-7DD9-4C04-B3CA-D3F1E0925D4E}.Debug|Any CPU.ActiveCfg = Debug|Any CPU
		{E1E48A69-7DD9-4C04-B3CA-D3F1E0925D4E}.Debug|Any CPU.Build.0 = Debug|Any CPU
		{E1E48A69-7DD9-4C04-B3CA-D3F1E0925D4E}.Debug|Any CPU.Deploy.0 = Debug|Any CPU
		{E1E48A69-7DD9-4C04-B3CA-D3F1E0925D4E}.Debug|ARM.ActiveCfg = Debug|Any CPU
		{E1E48A69-7DD9-4C04-B3CA-D3F1E0925D4E}.Debug|ARM.Build.0 = Debug|Any CPU
		{E1E48A69-7DD9-4C04-B3CA-D3F1E0925D4E}.Debug|ARM.Deploy.0 = Debug|Any CPU
		{E1E48A69-7DD9-4C04-B3CA-D3F1E0925D4E}.Debug|iPhone.ActiveCfg = Debug|Any CPU
		{E1E48A69-7DD9-4C04-B3CA-D3F1E0925D4E}.Debug|iPhone.Build.0 = Debug|Any CPU
		{E1E48A69-7DD9-4C04-B3CA-D3F1E0925D4E}.Debug|iPhone.Deploy.0 = Debug|Any CPU
		{E1E48A69-7DD9-4C04-B3CA-D3F1E0925D4E}.Debug|iPhoneSimulator.ActiveCfg = Debug|Any CPU
		{E1E48A69-7DD9-4C04-B3CA-D3F1E0925D4E}.Debug|iPhoneSimulator.Build.0 = Debug|Any CPU
		{E1E48A69-7DD9-4C04-B3CA-D3F1E0925D4E}.Debug|iPhoneSimulator.Deploy.0 = Debug|Any CPU
		{E1E48A69-7DD9-4C04-B3CA-D3F1E0925D4E}.Debug|x64.ActiveCfg = Debug|Any CPU
		{E1E48A69-7DD9-4C04-B3CA-D3F1E0925D4E}.Debug|x64.Build.0 = Debug|Any CPU
		{E1E48A69-7DD9-4C04-B3CA-D3F1E0925D4E}.Debug|x64.Deploy.0 = Debug|Any CPU
		{E1E48A69-7DD9-4C04-B3CA-D3F1E0925D4E}.Debug|x86.ActiveCfg = Debug|Any CPU
		{E1E48A69-7DD9-4C04-B3CA-D3F1E0925D4E}.Debug|x86.Build.0 = Debug|Any CPU
		{E1E48A69-7DD9-4C04-B3CA-D3F1E0925D4E}.Debug|x86.Deploy.0 = Debug|Any CPU
		{E1E48A69-7DD9-4C04-B3CA-D3F1E0925D4E}.Release|Any CPU.ActiveCfg = Release|Any CPU
		{E1E48A69-7DD9-4C04-B3CA-D3F1E0925D4E}.Release|Any CPU.Build.0 = Release|Any CPU
		{E1E48A69-7DD9-4C04-B3CA-D3F1E0925D4E}.Release|Any CPU.Deploy.0 = Release|Any CPU
		{E1E48A69-7DD9-4C04-B3CA-D3F1E0925D4E}.Release|ARM.ActiveCfg = Release|Any CPU
		{E1E48A69-7DD9-4C04-B3CA-D3F1E0925D4E}.Release|ARM.Build.0 = Release|Any CPU
		{E1E48A69-7DD9-4C04-B3CA-D3F1E0925D4E}.Release|ARM.Deploy.0 = Release|Any CPU
		{E1E48A69-7DD9-4C04-B3CA-D3F1E0925D4E}.Release|iPhone.ActiveCfg = Release|Any CPU
		{E1E48A69-7DD9-4C04-B3CA-D3F1E0925D4E}.Release|iPhone.Build.0 = Release|Any CPU
		{E1E48A69-7DD9-4C04-B3CA-D3F1E0925D4E}.Release|iPhone.Deploy.0 = Release|Any CPU
		{E1E48A69-7DD9-4C04-B3CA-D3F1E0925D4E}.Release|iPhoneSimulator.ActiveCfg = Release|Any CPU
		{E1E48A69-7DD9-4C04-B3CA-D3F1E0925D4E}.Release|iPhoneSimulator.Build.0 = Release|Any CPU
		{E1E48A69-7DD9-4C04-B3CA-D3F1E0925D4E}.Release|iPhoneSimulator.Deploy.0 = Release|Any CPU
		{E1E48A69-7DD9-4C04-B3CA-D3F1E0925D4E}.Release|x64.ActiveCfg = Release|Any CPU
		{E1E48A69-7DD9-4C04-B3CA-D3F1E0925D4E}.Release|x64.Build.0 = Release|Any CPU
		{E1E48A69-7DD9-4C04-B3CA-D3F1E0925D4E}.Release|x64.Deploy.0 = Release|Any CPU
		{E1E48A69-7DD9-4C04-B3CA-D3F1E0925D4E}.Release|x86.ActiveCfg = Release|Any CPU
		{E1E48A69-7DD9-4C04-B3CA-D3F1E0925D4E}.Release|x86.Build.0 = Release|Any CPU
		{E1E48A69-7DD9-4C04-B3CA-D3F1E0925D4E}.Release|x86.Deploy.0 = Release|Any CPU
		{5603DF50-C319-48C5-B60D-279CC40CA318}.Ad-Hoc|Any CPU.ActiveCfg = Release|Any CPU
		{5603DF50-C319-48C5-B60D-279CC40CA318}.Ad-Hoc|Any CPU.Build.0 = Release|Any CPU
		{5603DF50-C319-48C5-B60D-279CC40CA318}.Ad-Hoc|ARM.ActiveCfg = Release|Any CPU
		{5603DF50-C319-48C5-B60D-279CC40CA318}.Ad-Hoc|ARM.Build.0 = Release|Any CPU
		{5603DF50-C319-48C5-B60D-279CC40CA318}.Ad-Hoc|iPhone.ActiveCfg = Release|Any CPU
		{5603DF50-C319-48C5-B60D-279CC40CA318}.Ad-Hoc|iPhone.Build.0 = Release|Any CPU
		{5603DF50-C319-48C5-B60D-279CC40CA318}.Ad-Hoc|iPhoneSimulator.ActiveCfg = Release|Any CPU
		{5603DF50-C319-48C5-B60D-279CC40CA318}.Ad-Hoc|iPhoneSimulator.Build.0 = Release|Any CPU
		{5603DF50-C319-48C5-B60D-279CC40CA318}.Ad-Hoc|x64.ActiveCfg = Release|Any CPU
		{5603DF50-C319-48C5-B60D-279CC40CA318}.Ad-Hoc|x64.Build.0 = Release|Any CPU
		{5603DF50-C319-48C5-B60D-279CC40CA318}.Ad-Hoc|x86.ActiveCfg = Release|Any CPU
		{5603DF50-C319-48C5-B60D-279CC40CA318}.Ad-Hoc|x86.Build.0 = Release|Any CPU
		{5603DF50-C319-48C5-B60D-279CC40CA318}.AppStore|Any CPU.ActiveCfg = Release|Any CPU
		{5603DF50-C319-48C5-B60D-279CC40CA318}.AppStore|Any CPU.Build.0 = Release|Any CPU
		{5603DF50-C319-48C5-B60D-279CC40CA318}.AppStore|ARM.ActiveCfg = Release|Any CPU
		{5603DF50-C319-48C5-B60D-279CC40CA318}.AppStore|ARM.Build.0 = Release|Any CPU
		{5603DF50-C319-48C5-B60D-279CC40CA318}.AppStore|iPhone.ActiveCfg = Release|Any CPU
		{5603DF50-C319-48C5-B60D-279CC40CA318}.AppStore|iPhone.Build.0 = Release|Any CPU
		{5603DF50-C319-48C5-B60D-279CC40CA318}.AppStore|iPhoneSimulator.ActiveCfg = Release|Any CPU
		{5603DF50-C319-48C5-B60D-279CC40CA318}.AppStore|iPhoneSimulator.Build.0 = Release|Any CPU
		{5603DF50-C319-48C5-B60D-279CC40CA318}.AppStore|x64.ActiveCfg = Release|Any CPU
		{5603DF50-C319-48C5-B60D-279CC40CA318}.AppStore|x64.Build.0 = Release|Any CPU
		{5603DF50-C319-48C5-B60D-279CC40CA318}.AppStore|x86.ActiveCfg = Release|Any CPU
		{5603DF50-C319-48C5-B60D-279CC40CA318}.AppStore|x86.Build.0 = Release|Any CPU
		{5603DF50-C319-48C5-B60D-279CC40CA318}.Debug|Any CPU.ActiveCfg = Debug|Any CPU
		{5603DF50-C319-48C5-B60D-279CC40CA318}.Debug|Any CPU.Build.0 = Debug|Any CPU
		{5603DF50-C319-48C5-B60D-279CC40CA318}.Debug|ARM.ActiveCfg = Debug|Any CPU
		{5603DF50-C319-48C5-B60D-279CC40CA318}.Debug|ARM.Build.0 = Debug|Any CPU
		{5603DF50-C319-48C5-B60D-279CC40CA318}.Debug|iPhone.ActiveCfg = Debug|Any CPU
		{5603DF50-C319-48C5-B60D-279CC40CA318}.Debug|iPhone.Build.0 = Debug|Any CPU
		{5603DF50-C319-48C5-B60D-279CC40CA318}.Debug|iPhoneSimulator.ActiveCfg = Debug|Any CPU
		{5603DF50-C319-48C5-B60D-279CC40CA318}.Debug|iPhoneSimulator.Build.0 = Debug|Any CPU
		{5603DF50-C319-48C5-B60D-279CC40CA318}.Debug|x64.ActiveCfg = Debug|Any CPU
		{5603DF50-C319-48C5-B60D-279CC40CA318}.Debug|x64.Build.0 = Debug|Any CPU
		{5603DF50-C319-48C5-B60D-279CC40CA318}.Debug|x86.ActiveCfg = Debug|Any CPU
		{5603DF50-C319-48C5-B60D-279CC40CA318}.Debug|x86.Build.0 = Debug|Any CPU
		{5603DF50-C319-48C5-B60D-279CC40CA318}.Release|Any CPU.ActiveCfg = Release|Any CPU
		{5603DF50-C319-48C5-B60D-279CC40CA318}.Release|Any CPU.Build.0 = Release|Any CPU
		{5603DF50-C319-48C5-B60D-279CC40CA318}.Release|ARM.ActiveCfg = Release|Any CPU
		{5603DF50-C319-48C5-B60D-279CC40CA318}.Release|ARM.Build.0 = Release|Any CPU
		{5603DF50-C319-48C5-B60D-279CC40CA318}.Release|iPhone.ActiveCfg = Release|Any CPU
		{5603DF50-C319-48C5-B60D-279CC40CA318}.Release|iPhone.Build.0 = Release|Any CPU
		{5603DF50-C319-48C5-B60D-279CC40CA318}.Release|iPhoneSimulator.ActiveCfg = Release|Any CPU
		{5603DF50-C319-48C5-B60D-279CC40CA318}.Release|iPhoneSimulator.Build.0 = Release|Any CPU
		{5603DF50-C319-48C5-B60D-279CC40CA318}.Release|x64.ActiveCfg = Release|Any CPU
		{5603DF50-C319-48C5-B60D-279CC40CA318}.Release|x64.Build.0 = Release|Any CPU
		{5603DF50-C319-48C5-B60D-279CC40CA318}.Release|x86.ActiveCfg = Release|Any CPU
		{5603DF50-C319-48C5-B60D-279CC40CA318}.Release|x86.Build.0 = Release|Any CPU
		{E66074B5-A3E3-41E4-BD67-5C4F8F22567D}.Ad-Hoc|Any CPU.ActiveCfg = Release|x86
		{E66074B5-A3E3-41E4-BD67-5C4F8F22567D}.Ad-Hoc|Any CPU.Build.0 = Release|x86
		{E66074B5-A3E3-41E4-BD67-5C4F8F22567D}.Ad-Hoc|Any CPU.Deploy.0 = Release|x86
		{E66074B5-A3E3-41E4-BD67-5C4F8F22567D}.Ad-Hoc|ARM.ActiveCfg = Release|ARM
		{E66074B5-A3E3-41E4-BD67-5C4F8F22567D}.Ad-Hoc|ARM.Build.0 = Release|ARM
		{E66074B5-A3E3-41E4-BD67-5C4F8F22567D}.Ad-Hoc|ARM.Deploy.0 = Release|ARM
		{E66074B5-A3E3-41E4-BD67-5C4F8F22567D}.Ad-Hoc|iPhone.ActiveCfg = Release|x86
		{E66074B5-A3E3-41E4-BD67-5C4F8F22567D}.Ad-Hoc|iPhone.Build.0 = Release|x86
		{E66074B5-A3E3-41E4-BD67-5C4F8F22567D}.Ad-Hoc|iPhone.Deploy.0 = Release|x86
		{E66074B5-A3E3-41E4-BD67-5C4F8F22567D}.Ad-Hoc|iPhoneSimulator.ActiveCfg = Release|x86
		{E66074B5-A3E3-41E4-BD67-5C4F8F22567D}.Ad-Hoc|iPhoneSimulator.Build.0 = Release|x86
		{E66074B5-A3E3-41E4-BD67-5C4F8F22567D}.Ad-Hoc|iPhoneSimulator.Deploy.0 = Release|x86
		{E66074B5-A3E3-41E4-BD67-5C4F8F22567D}.Ad-Hoc|x64.ActiveCfg = Release|x64
		{E66074B5-A3E3-41E4-BD67-5C4F8F22567D}.Ad-Hoc|x64.Build.0 = Release|x64
		{E66074B5-A3E3-41E4-BD67-5C4F8F22567D}.Ad-Hoc|x64.Deploy.0 = Release|x64
		{E66074B5-A3E3-41E4-BD67-5C4F8F22567D}.Ad-Hoc|x86.ActiveCfg = Release|x86
		{E66074B5-A3E3-41E4-BD67-5C4F8F22567D}.Ad-Hoc|x86.Build.0 = Release|x86
		{E66074B5-A3E3-41E4-BD67-5C4F8F22567D}.Ad-Hoc|x86.Deploy.0 = Release|x86
		{E66074B5-A3E3-41E4-BD67-5C4F8F22567D}.AppStore|Any CPU.ActiveCfg = Release|x86
		{E66074B5-A3E3-41E4-BD67-5C4F8F22567D}.AppStore|Any CPU.Build.0 = Release|x86
		{E66074B5-A3E3-41E4-BD67-5C4F8F22567D}.AppStore|Any CPU.Deploy.0 = Release|x86
		{E66074B5-A3E3-41E4-BD67-5C4F8F22567D}.AppStore|ARM.ActiveCfg = Release|ARM
		{E66074B5-A3E3-41E4-BD67-5C4F8F22567D}.AppStore|ARM.Build.0 = Release|ARM
		{E66074B5-A3E3-41E4-BD67-5C4F8F22567D}.AppStore|ARM.Deploy.0 = Release|ARM
		{E66074B5-A3E3-41E4-BD67-5C4F8F22567D}.AppStore|iPhone.ActiveCfg = Release|x86
		{E66074B5-A3E3-41E4-BD67-5C4F8F22567D}.AppStore|iPhone.Build.0 = Release|x86
		{E66074B5-A3E3-41E4-BD67-5C4F8F22567D}.AppStore|iPhone.Deploy.0 = Release|x86
		{E66074B5-A3E3-41E4-BD67-5C4F8F22567D}.AppStore|iPhoneSimulator.ActiveCfg = Release|x86
		{E66074B5-A3E3-41E4-BD67-5C4F8F22567D}.AppStore|iPhoneSimulator.Build.0 = Release|x86
		{E66074B5-A3E3-41E4-BD67-5C4F8F22567D}.AppStore|iPhoneSimulator.Deploy.0 = Release|x86
		{E66074B5-A3E3-41E4-BD67-5C4F8F22567D}.AppStore|x64.ActiveCfg = Release|x64
		{E66074B5-A3E3-41E4-BD67-5C4F8F22567D}.AppStore|x64.Build.0 = Release|x64
		{E66074B5-A3E3-41E4-BD67-5C4F8F22567D}.AppStore|x64.Deploy.0 = Release|x64
		{E66074B5-A3E3-41E4-BD67-5C4F8F22567D}.AppStore|x86.ActiveCfg = Release|x86
		{E66074B5-A3E3-41E4-BD67-5C4F8F22567D}.AppStore|x86.Build.0 = Release|x86
		{E66074B5-A3E3-41E4-BD67-5C4F8F22567D}.AppStore|x86.Deploy.0 = Release|x86
		{E66074B5-A3E3-41E4-BD67-5C4F8F22567D}.Debug|Any CPU.ActiveCfg = Debug|x86
		{E66074B5-A3E3-41E4-BD67-5C4F8F22567D}.Debug|ARM.ActiveCfg = Debug|ARM
		{E66074B5-A3E3-41E4-BD67-5C4F8F22567D}.Debug|ARM.Build.0 = Debug|ARM
		{E66074B5-A3E3-41E4-BD67-5C4F8F22567D}.Debug|ARM.Deploy.0 = Debug|ARM
		{E66074B5-A3E3-41E4-BD67-5C4F8F22567D}.Debug|iPhone.ActiveCfg = Debug|x86
		{E66074B5-A3E3-41E4-BD67-5C4F8F22567D}.Debug|iPhoneSimulator.ActiveCfg = Debug|x86
		{E66074B5-A3E3-41E4-BD67-5C4F8F22567D}.Debug|x64.ActiveCfg = Debug|x64
		{E66074B5-A3E3-41E4-BD67-5C4F8F22567D}.Debug|x64.Build.0 = Debug|x64
		{E66074B5-A3E3-41E4-BD67-5C4F8F22567D}.Debug|x64.Deploy.0 = Debug|x64
		{E66074B5-A3E3-41E4-BD67-5C4F8F22567D}.Debug|x86.ActiveCfg = Debug|x86
		{E66074B5-A3E3-41E4-BD67-5C4F8F22567D}.Debug|x86.Build.0 = Debug|x86
		{E66074B5-A3E3-41E4-BD67-5C4F8F22567D}.Debug|x86.Deploy.0 = Debug|x86
		{E66074B5-A3E3-41E4-BD67-5C4F8F22567D}.Release|Any CPU.ActiveCfg = Release|x86
		{E66074B5-A3E3-41E4-BD67-5C4F8F22567D}.Release|ARM.ActiveCfg = Release|ARM
		{E66074B5-A3E3-41E4-BD67-5C4F8F22567D}.Release|ARM.Build.0 = Release|ARM
		{E66074B5-A3E3-41E4-BD67-5C4F8F22567D}.Release|ARM.Deploy.0 = Release|ARM
		{E66074B5-A3E3-41E4-BD67-5C4F8F22567D}.Release|iPhone.ActiveCfg = Release|x86
		{E66074B5-A3E3-41E4-BD67-5C4F8F22567D}.Release|iPhoneSimulator.ActiveCfg = Release|x86
		{E66074B5-A3E3-41E4-BD67-5C4F8F22567D}.Release|x64.ActiveCfg = Release|x64
		{E66074B5-A3E3-41E4-BD67-5C4F8F22567D}.Release|x64.Build.0 = Release|x64
		{E66074B5-A3E3-41E4-BD67-5C4F8F22567D}.Release|x64.Deploy.0 = Release|x64
		{E66074B5-A3E3-41E4-BD67-5C4F8F22567D}.Release|x86.ActiveCfg = Release|x86
		{E66074B5-A3E3-41E4-BD67-5C4F8F22567D}.Release|x86.Build.0 = Release|x86
		{E66074B5-A3E3-41E4-BD67-5C4F8F22567D}.Release|x86.Deploy.0 = Release|x86
		{391363D6-B9EB-427B-B307-E3C139324DFE}.Ad-Hoc|Any CPU.ActiveCfg = Ad-Hoc|iPhone
		{391363D6-B9EB-427B-B307-E3C139324DFE}.Ad-Hoc|ARM.ActiveCfg = Ad-Hoc|iPhone
		{391363D6-B9EB-427B-B307-E3C139324DFE}.Ad-Hoc|iPhone.ActiveCfg = Ad-Hoc|iPhone
		{391363D6-B9EB-427B-B307-E3C139324DFE}.Ad-Hoc|iPhone.Build.0 = Ad-Hoc|iPhone
		{391363D6-B9EB-427B-B307-E3C139324DFE}.Ad-Hoc|iPhoneSimulator.ActiveCfg = Ad-Hoc|iPhoneSimulator
		{391363D6-B9EB-427B-B307-E3C139324DFE}.Ad-Hoc|iPhoneSimulator.Build.0 = Ad-Hoc|iPhoneSimulator
		{391363D6-B9EB-427B-B307-E3C139324DFE}.Ad-Hoc|x64.ActiveCfg = Ad-Hoc|iPhone
		{391363D6-B9EB-427B-B307-E3C139324DFE}.Ad-Hoc|x86.ActiveCfg = Ad-Hoc|iPhone
		{391363D6-B9EB-427B-B307-E3C139324DFE}.AppStore|Any CPU.ActiveCfg = AppStore|iPhone
		{391363D6-B9EB-427B-B307-E3C139324DFE}.AppStore|ARM.ActiveCfg = AppStore|iPhone
		{391363D6-B9EB-427B-B307-E3C139324DFE}.AppStore|iPhone.ActiveCfg = AppStore|iPhone
		{391363D6-B9EB-427B-B307-E3C139324DFE}.AppStore|iPhone.Build.0 = AppStore|iPhone
		{391363D6-B9EB-427B-B307-E3C139324DFE}.AppStore|iPhoneSimulator.ActiveCfg = AppStore|iPhoneSimulator
		{391363D6-B9EB-427B-B307-E3C139324DFE}.AppStore|iPhoneSimulator.Build.0 = AppStore|iPhoneSimulator
		{391363D6-B9EB-427B-B307-E3C139324DFE}.AppStore|x64.ActiveCfg = AppStore|iPhone
		{391363D6-B9EB-427B-B307-E3C139324DFE}.AppStore|x86.ActiveCfg = AppStore|iPhone
		{391363D6-B9EB-427B-B307-E3C139324DFE}.Debug|Any CPU.ActiveCfg = Debug|iPhone
		{391363D6-B9EB-427B-B307-E3C139324DFE}.Debug|ARM.ActiveCfg = Debug|iPhone
		{391363D6-B9EB-427B-B307-E3C139324DFE}.Debug|iPhone.ActiveCfg = Debug|iPhone
		{391363D6-B9EB-427B-B307-E3C139324DFE}.Debug|iPhone.Build.0 = Debug|iPhone
		{391363D6-B9EB-427B-B307-E3C139324DFE}.Debug|iPhoneSimulator.ActiveCfg = Debug|iPhoneSimulator
		{391363D6-B9EB-427B-B307-E3C139324DFE}.Debug|iPhoneSimulator.Build.0 = Debug|iPhoneSimulator
		{391363D6-B9EB-427B-B307-E3C139324DFE}.Debug|x64.ActiveCfg = Debug|iPhone
		{391363D6-B9EB-427B-B307-E3C139324DFE}.Debug|x86.ActiveCfg = Debug|iPhone
		{391363D6-B9EB-427B-B307-E3C139324DFE}.Release|Any CPU.ActiveCfg = Release|iPhone
		{391363D6-B9EB-427B-B307-E3C139324DFE}.Release|ARM.ActiveCfg = Release|iPhone
		{391363D6-B9EB-427B-B307-E3C139324DFE}.Release|iPhone.ActiveCfg = Release|iPhone
		{391363D6-B9EB-427B-B307-E3C139324DFE}.Release|iPhone.Build.0 = Release|iPhone
		{391363D6-B9EB-427B-B307-E3C139324DFE}.Release|iPhoneSimulator.ActiveCfg = Release|iPhoneSimulator
		{391363D6-B9EB-427B-B307-E3C139324DFE}.Release|iPhoneSimulator.Build.0 = Release|iPhoneSimulator
		{391363D6-B9EB-427B-B307-E3C139324DFE}.Release|x64.ActiveCfg = Release|iPhone
		{391363D6-B9EB-427B-B307-E3C139324DFE}.Release|x86.ActiveCfg = Release|iPhone
	EndGlobalSection
	GlobalSection(SolutionProperties) = preSolution
		HideSolutionNode = FALSE
	EndGlobalSection
EndGlobal
